
Microsoft Visual Studio Solution File, Format Version 12.00
# Visual Studio Version 17
VisualStudioVersion = 17.11.35327.3
MinimumVisualStudioVersion = 10.0.40219.1
Project("{9A19103F-16F7-4668-BE54-9A1E7A4F7556}") = "TaskManagerApiAF", "src\TaskManagerApiAF\TaskManagerApiAF.csproj", "{BB9BF763-52F2-41EF-9AF8-A5EB52699DAC}"
EndProject
Project("{9A19103F-16F7-4668-BE54-9A1E7A4F7556}") = "TaskManagementAF.Tests", "src\TaskManagementAF.Tests\TaskManagementAF.Tests.csproj", "{A075A741-CC51-477E-A50B-7E2744794E59}"
EndProject
Project("{2150E333-8FDC-42A3-9474-1A3956D46DE8}") = "docs", "docs", "{540B22AA-2617-4A8E-98AE-16B11AC6EE72}"
	ProjectSection(SolutionItems) = preProject
		docs\Readme.md = docs\Readme.md
	EndProjectSection
EndProject
Project("{2150E333-8FDC-42A3-9474-1A3956D46DE8}") = ".github", ".github", "{38C7C0D0-7A28-42EB-9DF0-4CFD2821A3AC}"
EndProject
Project("{2150E333-8FDC-42A3-9474-1A3956D46DE8}") = "workflows", "workflows", "{36EA2924-DE51-40FE-A220-7F673C401617}"
	ProjectSection(SolutionItems) = preProject
		.github\workflows\.gitkeep = .github\workflows\.gitkeep
		.github\workflows\ci-cd.yml = .github\workflows\ci-cd.yml
	EndProjectSection
EndProject
Global
	GlobalSection(SolutionConfigurationPlatforms) = preSolution
		Debug|Any CPU = Debug|Any CPU
		Release|Any CPU = Release|Any CPU
	EndGlobalSection
	GlobalSection(ProjectConfigurationPlatforms) = postSolution
		{BB9BF763-52F2-41EF-9AF8-A5EB52699DAC}.Debug|Any CPU.ActiveCfg = Debug|Any CPU
		{BB9BF763-52F2-41EF-9AF8-A5EB52699DAC}.Debug|Any CPU.Build.0 = Debug|Any CPU
		{BB9BF763-52F2-41EF-9AF8-A5EB52699DAC}.Release|Any CPU.ActiveCfg = Release|Any CPU
		{BB9BF763-52F2-41EF-9AF8-A5EB52699DAC}.Release|Any CPU.Build.0 = Release|Any CPU
		{A075A741-CC51-477E-A50B-7E2744794E59}.Debug|Any CPU.ActiveCfg = Debug|Any CPU
		{A075A741-CC51-477E-A50B-7E2744794E59}.Debug|Any CPU.Build.0 = Debug|Any CPU
		{A075A741-CC51-477E-A50B-7E2744794E59}.Release|Any CPU.ActiveCfg = Release|Any CPU
		{A075A741-CC51-477E-A50B-7E2744794E59}.Release|Any CPU.Build.0 = Release|Any CPU
	EndGlobalSection
	GlobalSection(SolutionProperties) = preSolution
		HideSolutionNode = FALSE
	EndGlobalSection
	GlobalSection(NestedProjects) = preSolution
		{36EA2924-DE51-40FE-A220-7F673C401617} = {38C7C0D0-7A28-42EB-9DF0-4CFD2821A3AC}
	EndGlobalSection
	GlobalSection(ExtensibilityGlobals) = postSolution
		SolutionGuid = {ECAD284A-066E-45DB-9612-5814496EA3D7}
	EndGlobalSection
EndGlobal
